{
  "version": "5",
  "specifiers": {
    "jsr:@augustinmauroy/twas@*": "1.1.0",
    "jsr:@augustinmauroy/twas@^1.1.0": "1.1.0",
    "jsr:@core/unknownutil@4": "4.3.0",
    "jsr:@core/unknownutil@^3.17.2": "3.18.1",
    "jsr:@core/unknownutil@^3.18.0": "3.18.1",
    "jsr:@core/unknownutil@^4.3.0": "4.3.0",
    "jsr:@denops/core@7": "7.0.1",
    "jsr:@denops/std@*": "7.5.0",
    "jsr:@denops/std@7.5": "7.5.0",
    "jsr:@denops/std@^7.5.0": "7.5.0",
    "jsr:@denops/test@*": "3.0.4",
    "jsr:@lambdalisue/errorutil@1": "1.1.1",
    "jsr:@lambdalisue/indexer@1": "1.0.0",
    "jsr:@lambdalisue/itertools@^1.1.2": "1.1.2",
    "jsr:@lambdalisue/messagepack-rpc@^2.1.1": "2.4.0",
    "jsr:@lambdalisue/messagepack@^1.0.1": "1.0.1",
    "jsr:@lambdalisue/reservator@^1.0.1": "1.0.1",
    "jsr:@lambdalisue/streamtools@1": "1.0.1",
    "jsr:@lambdalisue/unreachable@^1.0.1": "1.0.1",
    "jsr:@retraigo/duration@7": "7.0.0",
    "jsr:@shougo/ddu-vim@*": "10.3.0",
    "jsr:@shougo/ddu-vim@^10.3.0": "10.3.0",
    "jsr:@std/assert@*": "1.0.13",
    "jsr:@std/assert@^1.0.13": "1.0.13",
    "jsr:@std/async@1": "1.0.13",
    "jsr:@std/bytes@0.221": "0.221.0",
    "jsr:@std/bytes@^1.0.5": "1.0.6",
    "jsr:@std/collections@^1.0.5": "1.1.0",
    "jsr:@std/data-structures@^1.0.8": "1.0.8",
    "jsr:@std/fs@1": "1.0.17",
    "jsr:@std/fs@^1.0.17": "1.0.17",
    "jsr:@std/internal@^1.0.6": "1.0.8",
    "jsr:@std/internal@^1.0.8": "1.0.8",
    "jsr:@std/path@^1.0.1": "1.1.0",
    "jsr:@std/path@^1.0.2": "1.1.0",
    "jsr:@std/path@^1.0.9": "1.1.0",
    "jsr:@std/path@^1.1.0": "1.1.0",
    "jsr:@std/path@~1.0.2": "1.0.9",
    "jsr:@std/semver@1": "1.0.5",
    "jsr:@std/streams@*": "1.0.9",
    "jsr:@std/streams@1": "1.0.9",
    "jsr:@std/streams@^1.0.9": "1.0.9",
    "jsr:@std/testing@*": "1.0.13",
    "jsr:@std/testing@^1.0.13": "1.0.13",
    "jsr:@std/ulid@1": "1.0.0",
    "npm:@faker-js/faker@^9.4.0": "9.8.0",
    "npm:@types/node@*": "22.15.15",
    "npm:byte-size@*": "8.1.1",
    "npm:byte-size@8.1.1": "8.1.1",
    "npm:bytes@*": "3.1.2",
    "npm:msgpackr@^1.10.1": "1.11.4"
  },
  "jsr": {
    "@augustinmauroy/twas@1.1.0": {
      "integrity": "e7106060e293cce9cfaed19adc90775b18f8cc6e7574ca332252810320e86811"
    },
    "@core/unknownutil@3.18.1": {
      "integrity": "6aaa108b623ff971d062dd345da7ca03b97f61ae3d29c8677bff14fec11f0d76"
    },
    "@core/unknownutil@4.3.0": {
      "integrity": "538a3687ffa81028e91d148818047df219663d0da671d906cecd165581ae55cc"
    },
    "@denops/core@7.0.1": {
      "integrity": "ede39eec60de6d5bf0fbc0337d3e420a9689cc48afea8c71752e6c0fb630bde0"
    },
    "@denops/std@7.5.0": {
      "integrity": "22d41172f1f5c91265a5555c1aecd63263176c6c65b4fb7c2b1a585ecb79a554",
      "dependencies": [
        "jsr:@core/unknownutil@^4.3.0",
        "jsr:@denops/core",
        "jsr:@lambdalisue/errorutil",
        "jsr:@lambdalisue/itertools",
        "jsr:@lambdalisue/unreachable",
        "jsr:@std/fs@1",
        "jsr:@std/path@^1.0.2",
        "jsr:@std/semver",
        "jsr:@std/ulid"
      ]
    },
    "@denops/test@3.0.4": {
      "integrity": "6d345744749d3b4ab4858b6bd861b1bcb34cb8f00bd82e3d64a725c369223ff4",
      "dependencies": [
        "jsr:@core/unknownutil@4",
        "jsr:@denops/core",
        "jsr:@lambdalisue/errorutil",
        "jsr:@lambdalisue/messagepack-rpc",
        "jsr:@std/async",
        "jsr:@std/collections",
        "jsr:@std/path@^1.0.1",
        "jsr:@std/streams@1"
      ]
    },
    "@lambdalisue/errorutil@1.1.1": {
      "integrity": "d0234a8a510da52f130c44698643b7f420f332ef2ffce1451415925b14f5f63f",
      "dependencies": [
        "jsr:@core/unknownutil@^3.18.0"
      ]
    },
    "@lambdalisue/indexer@1.0.0": {
      "integrity": "f1dbbca13a0cb3b8d87533f3ac807ba2881107e28a7eb7eb85ac1b1c5d6a5c42"
    },
    "@lambdalisue/itertools@1.1.2": {
      "integrity": "1b8c45a5ab7102a3ff1aa64c8ec0bdb12aee845bec5bf85458ed83446125587a"
    },
    "@lambdalisue/messagepack@1.0.1": {
      "integrity": "e35888d9ac295826f24234f10f7ef660c890b506eb09fac1f7509798e94c525a",
      "dependencies": [
        "jsr:@std/bytes@0.221",
        "npm:msgpackr"
      ]
    },
    "@lambdalisue/messagepack-rpc@2.4.0": {
      "integrity": "51b9aabe1ce88c3309e12fa834f2a8340ffcd0611f53ea012d28c8f9328ea7d2",
      "dependencies": [
        "jsr:@core/unknownutil@^3.17.2",
        "jsr:@lambdalisue/indexer",
        "jsr:@lambdalisue/messagepack",
        "jsr:@lambdalisue/reservator",
        "jsr:@lambdalisue/streamtools"
      ]
    },
    "@lambdalisue/reservator@1.0.1": {
      "integrity": "daf9189747c5cb2ad49e42ad3c65ec367684e1765ebb856a0ad6d754b3e650c4"
    },
    "@lambdalisue/streamtools@1.0.1": {
      "integrity": "8bc2fdeefa7131911b19b53dc5eb9c10c68ed4bf9e9de8bd5ed0c27f83953516",
      "dependencies": [
        "jsr:@std/bytes@0.221"
      ]
    },
    "@lambdalisue/unreachable@1.0.1": {
      "integrity": "24b0743775e92ea0d076beaf0869bfbe4708054ac570742628684fb35ccda0d4"
    },
    "@retraigo/duration@7.0.0": {
      "integrity": "5c87a0e41ab6c36480626c80bfa7c14fdafabc5bafc9abab8f0e7ba00bda67e8"
    },
    "@shougo/ddu-vim@10.3.0": {
      "integrity": "5be1239504b154373d02f3734b2c24d3266107fee781a55fde46fcc84a9a6057",
      "dependencies": [
        "jsr:@denops/std@7.5",
        "jsr:@std/path@~1.0.2"
      ]
    },
    "@std/assert@1.0.13": {
      "integrity": "ae0d31e41919b12c656c742b22522c32fb26ed0cba32975cb0de2a273cb68b29",
      "dependencies": [
        "jsr:@std/internal@^1.0.6"
      ]
    },
    "@std/async@1.0.13": {
      "integrity": "1d76ca5d324aef249908f7f7fe0d39aaf53198e5420604a59ab5c035adc97c96"
    },
    "@std/bytes@0.221.0": {
      "integrity": "64a047011cf833890a4a2ab7293ac55a1b4f5a050624ebc6a0159c357de91966"
    },
    "@std/bytes@1.0.6": {
      "integrity": "f6ac6adbd8ccd99314045f5703e23af0a68d7f7e58364b47d2c7f408aeb5820a"
    },
    "@std/collections@1.1.0": {
      "integrity": "2ee8761c84c3d203f7a4ecd376f9ca88a0c559817a4a54c9150f28c0b948027c"
    },
    "@std/data-structures@1.0.8": {
      "integrity": "2fb7219247e044c8fcd51341788547575653c82ae2c759ff209e0263ba7d9b66"
    },
    "@std/fs@1.0.17": {
      "integrity": "1c00c632677c1158988ef7a004cb16137f870aafdb8163b9dce86ec652f3952b",
      "dependencies": [
        "jsr:@std/path@^1.0.9"
      ]
    },
    "@std/fs@1.0.18": {
      "integrity": "24bcad99eab1af4fde75e05da6e9ed0e0dce5edb71b7e34baacf86ffe3969f3a"
    },
    "@std/internal@1.0.8": {
      "integrity": "fc66e846d8d38a47cffd274d80d2ca3f0de71040f855783724bb6b87f60891f5"
    },
    "@std/path@1.0.9": {
      "integrity": "260a49f11edd3db93dd38350bf9cd1b4d1366afa98e81b86167b4e3dd750129e"
    },
    "@std/path@1.1.0": {
      "integrity": "ddc94f8e3c275627281cbc23341df6b8bcc874d70374f75fec2533521e3d6886"
    },
    "@std/semver@1.0.5": {
      "integrity": "529f79e83705714c105ad0ba55bec0f9da0f24d2f726b6cc1c15e505cc2c0624"
    },
    "@std/streams@1.0.9": {
      "integrity": "a9d26b1988cdd7aa7b1f4b51e1c36c1557f3f252880fa6cc5b9f37078b1a5035",
      "dependencies": [
        "jsr:@std/bytes@^1.0.5"
      ]
    },
    "@std/testing@1.0.13": {
      "integrity": "74418be16f627dfe996937ab0ffbdbda9c1f35534b78724658d981492f121e71",
      "dependencies": [
        "jsr:@std/assert@^1.0.13",
        "jsr:@std/data-structures",
        "jsr:@std/fs@^1.0.17",
        "jsr:@std/internal@^1.0.8",
        "jsr:@std/path@^1.1.0"
      ]
    },
    "@std/ulid@1.0.0": {
      "integrity": "d41c3d27a907714413649fee864b7cde8d42ee68437d22b79d5de4f81d808780"
    }
  },
  "npm": {
    "@faker-js/faker@9.8.0": {
      "integrity": "sha512-U9wpuSrJC93jZBxx/Qq2wPjCuYISBueyVUGK7qqdmj7r/nxaxwW8AQDCLeRO7wZnjj94sh3p246cAYjUKuqgfg=="
    },
    "@msgpackr-extract/msgpackr-extract-darwin-arm64@3.0.3": {
      "integrity": "sha512-QZHtlVgbAdy2zAqNA9Gu1UpIuI8Xvsd1v8ic6B2pZmeFnFcMWiPLfWXh7TVw4eGEZ/C9TH281KwhVoeQUKbyjw==",
      "os": ["darwin"],
      "cpu": ["arm64"]
    },
    "@msgpackr-extract/msgpackr-extract-darwin-x64@3.0.3": {
      "integrity": "sha512-mdzd3AVzYKuUmiWOQ8GNhl64/IoFGol569zNRdkLReh6LRLHOXxU4U8eq0JwaD8iFHdVGqSy4IjFL4reoWCDFw==",
      "os": ["darwin"],
      "cpu": ["x64"]
    },
    "@msgpackr-extract/msgpackr-extract-linux-arm64@3.0.3": {
      "integrity": "sha512-YxQL+ax0XqBJDZiKimS2XQaf+2wDGVa1enVRGzEvLLVFeqa5kx2bWbtcSXgsxjQB7nRqqIGFIcLteF/sHeVtQg==",
      "os": ["linux"],
      "cpu": ["arm64"]
    },
    "@msgpackr-extract/msgpackr-extract-linux-arm@3.0.3": {
      "integrity": "sha512-fg0uy/dG/nZEXfYilKoRe7yALaNmHoYeIoJuJ7KJ+YyU2bvY8vPv27f7UKhGRpY6euFYqEVhxCFZgAUNQBM3nw==",
      "os": ["linux"],
      "cpu": ["arm"]
    },
    "@msgpackr-extract/msgpackr-extract-linux-x64@3.0.3": {
      "integrity": "sha512-cvwNfbP07pKUfq1uH+S6KJ7dT9K8WOE4ZiAcsrSes+UY55E/0jLYc+vq+DO7jlmqRb5zAggExKm0H7O/CBaesg==",
      "os": ["linux"],
      "cpu": ["x64"]
    },
    "@msgpackr-extract/msgpackr-extract-win32-x64@3.0.3": {
      "integrity": "sha512-x0fWaQtYp4E6sktbsdAqnehxDgEc/VwM7uLsRCYWaiGu0ykYdZPiS8zCWdnjHwyiumousxfBm4SO31eXqwEZhQ==",
      "os": ["win32"],
      "cpu": ["x64"]
    },
    "@types/node@22.15.15": {
      "integrity": "sha512-R5muMcZob3/Jjchn5LcO8jdKwSCbzqmPB6ruBxMcf9kbxtniZHP327s6C37iOfuw8mbKK3cAQa7sEl7afLrQ8A==",
      "dependencies": [
        "undici-types"
      ]
    },
    "byte-size@8.1.1": {
      "integrity": "sha512-tUkzZWK0M/qdoLEqikxBWe4kumyuwjl3HO6zHTr4yEI23EojPtLYXdG1+AQY7MN0cGyNDvEaJ8wiYQm6P2bPxg=="
    },
    "bytes@3.1.2": {
      "integrity": "sha512-/Nf7TyzTx6S3yRJObOAV7956r8cr2+Oj8AC5dt8wSP3BQAoeX58NoHyCU8P8zGkNXStjTSi6fzO6F0pBdcYbEg=="
    },
    "detect-libc@2.0.4": {
      "integrity": "sha512-3UDv+G9CsCKO1WKMGw9fwq/SWJYbI0c5Y7LU1AXYoDdbhE2AHQ6N6Nb34sG8Fj7T5APy8qXDCKuuIHd1BR0tVA=="
    },
    "msgpackr-extract@3.0.3": {
      "integrity": "sha512-P0efT1C9jIdVRefqjzOQ9Xml57zpOXnIuS+csaB4MdZbTdmGDLo8XhzBG1N7aO11gKDDkJvBLULeFTo46wwreA==",
      "dependencies": [
        "node-gyp-build-optional-packages"
      ],
      "optionalDependencies": [
        "@msgpackr-extract/msgpackr-extract-darwin-arm64",
        "@msgpackr-extract/msgpackr-extract-darwin-x64",
        "@msgpackr-extract/msgpackr-extract-linux-arm",
        "@msgpackr-extract/msgpackr-extract-linux-arm64",
        "@msgpackr-extract/msgpackr-extract-linux-x64",
        "@msgpackr-extract/msgpackr-extract-win32-x64"
      ],
      "scripts": true,
      "bin": true
    },
    "msgpackr@1.11.4": {
      "integrity": "sha512-uaff7RG9VIC4jacFW9xzL3jc0iM32DNHe4jYVycBcjUePT/Klnfj7pqtWJt9khvDFizmjN2TlYniYmSS2LIaZg==",
      "optionalDependencies": [
        "msgpackr-extract"
      ]
    },
    "node-gyp-build-optional-packages@5.2.2": {
      "integrity": "sha512-s+w+rBWnpTMwSFbaE0UXsRlg7hU4FjekKU4eyAih5T8nJuNZT1nNsskXpxmeqSK9UzkBl6UgRlnKc8hz8IEqOw==",
      "dependencies": [
        "detect-libc"
      ],
      "bin": true
    },
    "undici-types@6.21.0": {
      "integrity": "sha512-iwDZqg0QAGrg9Rav5H4n0M64c3mkR59cJ6wQp+7C4nI0gsmExaedaYLNO44eT4AtBBwjbTiGPMlt2Md0T9H9JQ=="
    }
  },
  "workspace": {
    "dependencies": [
      "jsr:@augustinmauroy/twas@^1.1.0",
      "jsr:@denops/std@^7.5.0",
      "jsr:@retraigo/duration@7",
      "jsr:@shougo/ddu-vim@^10.3.0",
      "jsr:@std/assert@^1.0.13",
      "jsr:@std/streams@^1.0.9",
      "jsr:@std/testing@^1.0.13"
    ]
  }
}
